// !$*UTF8*$!
{
	archiveVersion = 1;
	classes = {
	};
	objectVersion = 55;
	objects = {

/* Begin PBXBuildFile section */
		7D21405A28578040000E35FA /* AppDelegate.swift in Sources */ = {isa = PBXBuildFile; fileRef = 7D21405928578040000E35FA /* AppDelegate.swift */; };
		7D21405C28578040000E35FA /* SceneDelegate.swift in Sources */ = {isa = PBXBuildFile; fileRef = 7D21405B28578040000E35FA /* SceneDelegate.swift */; };
		7D21405E28578040000E35FA /* ViewController.swift in Sources */ = {isa = PBXBuildFile; fileRef = 7D21405D28578040000E35FA /* ViewController.swift */; };
		7D21406128578040000E35FA /* Main.storyboard in Resources */ = {isa = PBXBuildFile; fileRef = 7D21405F28578040000E35FA /* Main.storyboard */; };
		7D21406328578042000E35FA /* Assets.xcassets in Resources */ = {isa = PBXBuildFile; fileRef = 7D21406228578042000E35FA /* Assets.xcassets */; };
		7D21406628578042000E35FA /* LaunchScreen.storyboard in Resources */ = {isa = PBXBuildFile; fileRef = 7D21406428578042000E35FA /* LaunchScreen.storyboard */; };
		7D21407128578042000E35FA /* NAVIGATETests.swift in Sources */ = {isa = PBXBuildFile; fileRef = 7D21407028578042000E35FA /* NAVIGATETests.swift */; };
		7D21407B28578042000E35FA /* NAVIGATEUITests.swift in Sources */ = {isa = PBXBuildFile; fileRef = 7D21407A28578042000E35FA /* NAVIGATEUITests.swift */; };
		7D21407D28578042000E35FA /* NAVIGATEUITestsLaunchTests.swift in Sources */ = {isa = PBXBuildFile; fileRef = 7D21407C28578042000E35FA /* NAVIGATEUITestsLaunchTests.swift */; };
/* End PBXBuildFile section */

/* Begin PBXContainerItemProxy section */
		7D21406D28578042000E35FA /* PBXContainerItemProxy */ = {
			isa = PBXContainerItemProxy;
			containerPortal = 7D21404E28578040000E35FA /* Project object */;
			proxyType = 1;
			remoteGlobalIDString = 7D21405528578040000E35FA;
			remoteInfo = NAVIGATE;
		};
		7D21407728578042000E35FA /* PBXContainerItemProxy */ = {
			isa = PBXContainerItemProxy;
			containerPortal = 7D21404E28578040000E35FA /* Project object */;
			proxyType = 1;
			remoteGlobalIDString = 7D21405528578040000E35FA;
			remoteInfo = NAVIGATE;
		};
/* End PBXContainerItemProxy section */

/* Begin PBXFileReference section */
		7D21405628578040000E35FA /* NAVIGATE.app */ = {isa = PBXFileReference; explicitFileType = wrapper.application; includeInIndex = 0; path = NAVIGATE.app; sourceTree = BUILT_PRODUCTS_DIR; };
		7D21405928578040000E35FA /* AppDelegate.swift */ = {isa = PBXFileReference; lastKnownFileType = sourcecode.swift; path = AppDelegate.swift; sourceTree = "<group>"; };
		7D21405B28578040000E35FA /* SceneDelegate.swift */ = {isa = PBXFileReference; lastKnownFileType = sourcecode.swift; path = SceneDelegate.swift; sourceTree = "<group>"; };
		7D21405D28578040000E35FA /* ViewController.swift */ = {isa = PBXFileReference; lastKnownFileType = sourcecode.swift; path = ViewController.swift; sourceTree = "<group>"; };
		7D21406028578040000E35FA /* Base */ = {isa = PBXFileReference; lastKnownFileType = file.storyboard; name = Base; path = Base.lproj/Main.storyboard; sourceTree = "<group>"; };
		7D21406228578042000E35FA /* Assets.xcassets */ = {isa = PBXFileReference; lastKnownFileType = folder.assetcatalog; path = Assets.xcassets; sourceTree = "<group>"; };
		7D21406528578042000E35FA /* Base */ = {isa = PBXFileReference; lastKnownFileType = file.storyboard; name = Base; path = Base.lproj/LaunchScreen.storyboard; sourceTree = "<group>"; };
		7D21406728578042000E35FA /* Info.plist */ = {isa = PBXFileReference; lastKnownFileType = text.plist.xml; path = Info.plist; sourceTree = "<group>"; };
		7D21406C28578042000E35FA /* NAVIGATETests.xctest */ = {isa = PBXFileReference; explicitFileType = wrapper.cfbundle; includeInIndex = 0; path = NAVIGATETests.xctest; sourceTree = BUILT_PRODUCTS_DIR; };
		7D21407028578042000E35FA /* NAVIGATETests.swift */ = {isa = PBXFileReference; lastKnownFileType = sourcecode.swift; path = NAVIGATETests.swift; sourceTree = "<group>"; };
		7D21407628578042000E35FA /* NAVIGATEUITests.xctest */ = {isa = PBXFileReference; explicitFileType = wrapper.cfbundle; includeInIndex = 0; path = NAVIGATEUITests.xctest; sourceTree = BUILT_PRODUCTS_DIR; };
		7D21407A28578042000E35FA /* NAVIGATEUITests.swift */ = {isa = PBXFileReference; lastKnownFileType = sourcecode.swift; path = NAVIGATEUITests.swift; sourceTree = "<group>"; };
		7D21407C28578042000E35FA /* NAVIGATEUITestsLaunchTests.swift */ = {isa = PBXFileReference; lastKnownFileType = sourcecode.swift; path = NAVIGATEUITestsLaunchTests.swift; sourceTree = "<group>"; };
/* End PBXFileReference section */

/* Begin PBXFrameworksBuildPhase section */
		7D21405328578040000E35FA /* Frameworks */ = {
			isa = PBXFrameworksBuildPhase;
			buildActionMask = 2147483647;
			files = (
			);
			runOnlyForDeploymentPostprocessing = 0;
		};
		7D21406928578042000E35FA /* Frameworks */ = {
			isa = PBXFrameworksBuildPhase;
			buildActionMask = 2147483647;
			files = (
			);
			runOnlyForDeploymentPostprocessing = 0;
		};
		7D21407328578042000E35FA /* Frameworks */ = {
			isa = PBXFrameworksBuildPhase;
			buildActionMask = 2147483647;
			files = (
			);
			runOnlyForDeploymentPostprocessing = 0;
		};
/* End PBXFrameworksBuildPhase section */

/* Begin PBXGroup section */
		7D21404D28578040000E35FA = {
			isa = PBXGroup;
			children = (
				7D21405828578040000E35FA /* NAVIGATE */,
				7D21406F28578042000E35FA /* NAVIGATETests */,
				7D21407928578042000E35FA /* NAVIGATEUITests */,
				7D21405728578040000E35FA /* Products */,
			);
			sourceTree = "<group>";
		};
		7D21405728578040000E35FA /* Products */ = {
			isa = PBXGroup;
			children = (
				7D21405628578040000E35FA /* NAVIGATE.app */,
				7D21406C28578042000E35FA /* NAVIGATETests.xctest */,
				7D21407628578042000E35FA /* NAVIGATEUITests.xctest */,
			);
			name = Products;
			sourceTree = "<group>";
		};
		7D21405828578040000E35FA /* NAVIGATE */ = {
			isa = PBXGroup;
			children = (
				7D21405928578040000E35FA /* AppDelegate.swift */,
				7D21405B28578040000E35FA /* SceneDelegate.swift */,
				7D21405D28578040000E35FA /* ViewController.swift */,
				7D21405F28578040000E35FA /* Main.storyboard */,
				7D21406228578042000E35FA /* Assets.xcassets */,
				7D21406428578042000E35FA /* LaunchScreen.storyboard */,
				7D21406728578042000E35FA /* Info.plist */,
			);
			path = NAVIGATE;
			sourceTree = "<group>";
		};
		7D21406F28578042000E35FA /* NAVIGATETests */ = {
			isa = PBXGroup;
			children = (
				7D21407028578042000E35FA /* NAVIGATETests.swift */,
			);
			path = NAVIGATETests;
			sourceTree = "<group>";
		};
		7D21407928578042000E35FA /* NAVIGATEUITests */ = {
			isa = PBXGroup;
			children = (
				7D21407A28578042000E35FA /* NAVIGATEUITests.swift */,
				7D21407C28578042000E35FA /* NAVIGATEUITestsLaunchTests.swift */,
			);
			path = NAVIGATEUITests;
			sourceTree = "<group>";
		};
/* End PBXGroup section */

/* Begin PBXNativeTarget section */
		7D21405528578040000E35FA /* NAVIGATE */ = {
			isa = PBXNativeTarget;
			buildConfigurationList = 7D21408028578042000E35FA /* Build configuration list for PBXNativeTarget "NAVIGATE" */;
			buildPhases = (
				7D21405228578040000E35FA /* Sources */,
				7D21405328578040000E35FA /* Frameworks */,
				7D21405428578040000E35FA /* Resources */,
			);
			buildRules = (
			);
			dependencies = (
			);
			name = NAVIGATE;
			productName = NAVIGATE;
			productReference = 7D21405628578040000E35FA /* NAVIGATE.app */;
			productType = "com.apple.product-type.application";
		};
		7D21406B28578042000E35FA /* NAVIGATETests */ = {
			isa = PBXNativeTarget;
			buildConfigurationList = 7D21408328578042000E35FA /* Build configuration list for PBXNativeTarget "NAVIGATETests" */;
			buildPhases = (
				7D21406828578042000E35FA /* Sources */,
				7D21406928578042000E35FA /* Frameworks */,
				7D21406A28578042000E35FA /* Resources */,
			);
			buildRules = (
			);
			dependencies = (
				7D21406E28578042000E35FA /* PBXTargetDependency */,
			);
			name = NAVIGATETests;
			productName = NAVIGATETests;
			productReference = 7D21406C28578042000E35FA /* NAVIGATETests.xctest */;
			productType = "com.apple.product-type.bundle.unit-test";
		};
		7D21407528578042000E35FA /* NAVIGATEUITests */ = {
			isa = PBXNativeTarget;
			buildConfigurationList = 7D21408628578042000E35FA /* Build configuration list for PBXNativeTarget "NAVIGATEUITests" */;
			buildPhases = (
				7D21407228578042000E35FA /* Sources */,
				7D21407328578042000E35FA /* Frameworks */,
				7D21407428578042000E35FA /* Resources */,
			);
			buildRules = (
			);
			dependencies = (
				7D21407828578042000E35FA /* PBXTargetDependency */,
			);
			name = NAVIGATEUITests;
			productName = NAVIGATEUITests;
			productReference = 7D21407628578042000E35FA /* NAVIGATEUITests.xctest */;
			productType = "com.apple.product-type.bundle.ui-testing";
		};
/* End PBXNativeTarget section */

/* Begin PBXProject section */
		7D21404E28578040000E35FA /* Project object */ = {
			isa = PBXProject;
			attributes = {
				BuildIndependentTargetsInParallel = 1;
				LastSwiftUpdateCheck = 1340;
				LastUpgradeCheck = 1340;
				TargetAttributes = {
					7D21405528578040000E35FA = {
						CreatedOnToolsVersion = 13.4.1;
					};
					7D21406B28578042000E35FA = {
						CreatedOnToolsVersion = 13.4.1;
						TestTargetID = 7D21405528578040000E35FA;
					};
					7D21407528578042000E35FA = {
						CreatedOnToolsVersion = 13.4.1;
						TestTargetID = 7D21405528578040000E35FA;
					};
				};
			};
			buildConfigurationList = 7D21405128578040000E35FA /* Build configuration list for PBXProject "NAVIGATE" */;
			compatibilityVersion = "Xcode 13.0";
			developmentRegion = en;
			hasScannedForEncodings = 0;
			knownRegions = (
				en,
				Base,
			);
			mainGroup = 7D21404D28578040000E35FA;
			productRefGroup = 7D21405728578040000E35FA /* Products */;
			projectDirPath = "";
			projectRoot = "";
			targets = (
				7D21405528578040000E35FA /* NAVIGATE */,
				7D21406B28578042000E35FA /* NAVIGATETests */,
				7D21407528578042000E35FA /* NAVIGATEUITests */,
			);
		};
/* End PBXProject section */

/* Begin PBXResourcesBuildPhase section */
		7D21405428578040000E35FA /* Resources */ = {
			isa = PBXResourcesBuildPhase;
			buildActionMask = 2147483647;
			files = (
				7D21406628578042000E35FA /* LaunchScreen.storyboard in Resources */,
				7D21406328578042000E35FA /* Assets.xcassets in Resources */,
				7D21406128578040000E35FA /* Main.storyboard in Resources */,
			);
			runOnlyForDeploymentPostprocessing = 0;
		};
		7D21406A28578042000E35FA /* Resources */ = {
			isa = PBXResourcesBuildPhase;
			buildActionMask = 2147483647;
			files = (
			);
			runOnlyForDeploymentPostprocessing = 0;
		};
		7D21407428578042000E35FA /* Resources */ = {
			isa = PBXResourcesBuildPhase;
			buildActionMask = 2147483647;
			files = (
			);
			runOnlyForDeploymentPostprocessing = 0;
		};
/* End PBXResourcesBuildPhase section */

/* Begin PBXSourcesBuildPhase section */
		7D21405228578040000E35FA /* Sources */ = {
			isa = PBXSourcesBuildPhase;
			buildActionMask = 2147483647;
			files = (
				7D21405E28578040000E35FA /* ViewController.swift in Sources */,
				7D21405A28578040000E35FA /* AppDelegate.swift in Sources */,
				7D21405C28578040000E35FA /* SceneDelegate.swift in Sources */,
			);
			runOnlyForDeploymentPostprocessing = 0;
		};
		7D21406828578042000E35FA /* Sources */ = {
			isa = PBXSourcesBuildPhase;
			buildActionMask = 2147483647;
			files = (
				7D21407128578042000E35FA /* NAVIGATETests.swift in Sources */,
			);
			runOnlyForDeploymentPostprocessing = 0;
		};
		7D21407228578042000E35FA /* Sources */ = {
			isa = PBXSourcesBuildPhase;
			buildActionMask = 2147483647;
			files = (
				7D21407D28578042000E35FA /* NAVIGATEUITestsLaunchTests.swift in Sources */,
				7D21407B28578042000E35FA /* NAVIGATEUITests.swift in Sources */,
			);
			runOnlyForDeploymentPostprocessing = 0;
		};
/* End PBXSourcesBuildPhase section */

/* Begin PBXTargetDependency section */
		7D21406E28578042000E35FA /* PBXTargetDependency */ = {
			isa = PBXTargetDependency;
			target = 7D21405528578040000E35FA /* NAVIGATE */;
			targetProxy = 7D21406D28578042000E35FA /* PBXContainerItemProxy */;
		};
		7D21407828578042000E35FA /* PBXTargetDependency */ = {
			isa = PBXTargetDependency;
			target = 7D21405528578040000E35FA /* NAVIGATE */;
			targetProxy = 7D21407728578042000E35FA /* PBXContainerItemProxy */;
		};
/* End PBXTargetDependency section */

/* Begin PBXVariantGroup section */
		7D21405F28578040000E35FA /* Main.storyboard */ = {
			isa = PBXVariantGroup;
			children = (
				7D21406028578040000E35FA /* Base */,
			);
			name = Main.storyboard;
			sourceTree = "<group>";
		};
		7D21406428578042000E35FA /* LaunchScreen.storyboard */ = {
			isa = PBXVariantGroup;
			children = (
				7D21406528578042000E35FA /* Base */,
			);
			name = LaunchScreen.storyboard;
			sourceTree = "<group>";
		};
/* End PBXVariantGroup section */

/* Begin XCBuildConfiguration section */
		7D21407E28578042000E35FA /* Debug */ = {
			isa = XCBuildConfiguration;
			buildSettings = {
				ALWAYS_SEARCH_USER_PATHS = NO;
				CLANG_ANALYZER_NONNULL = YES;
				CLANG_ANALYZER_NUMBER_OBJECT_CONVERSION = YES_AGGRESSIVE;
				CLANG_CXX_LANGUAGE_STANDARD = "gnu++17";
				CLANG_ENABLE_MODULES = YES;
				CLANG_ENABLE_OBJC_ARC = YES;
				CLANG_ENABLE_OBJC_WEAK = YES;
				CLANG_WARN_BLOCK_CAPTURE_AUTORELEASING = YES;
				CLANG_WARN_BOOL_CONVERSION = YES;
				CLANG_WARN_COMMA = YES;
				CLANG_WARN_CONSTANT_CONVERSION = YES;
				CLANG_WARN_DEPRECATED_OBJC_IMPLEMENTATIONS = YES;
				CLANG_WARN_DIRECT_OBJC_ISA_USAGE = YES_ERROR;
				CLANG_WARN_DOCUMENTATION_COMMENTS = YES;
				CLANG_WARN_EMPTY_BODY = YES;
				CLANG_WARN_ENUM_CONVERSION = YES;
				CLANG_WARN_INFINITE_RECURSION = YES;
				CLANG_WARN_INT_CONVERSION = YES;
				CLANG_WARN_NON_LITERAL_NULL_CONVERSION = YES;
				CLANG_WARN_OBJC_IMPLICIT_RETAIN_SELF = YES;
				CLANG_WARN_OBJC_LITERAL_CONVERSION = YES;
				CLANG_WARN_OBJC_ROOT_CLASS = YES_ERROR;
				CLANG_WARN_QUOTED_INCLUDE_IN_FRAMEWORK_HEADER = YES;
				CLANG_WARN_RANGE_LOOP_ANALYSIS = YES;
				CLANG_WARN_STRICT_PROTOTYPES = YES;
				CLANG_WARN_SUSPICIOUS_MOVE = YES;
				CLANG_WARN_UNGUARDED_AVAILABILITY = YES_AGGRESSIVE;
				CLANG_WARN_UNREACHABLE_CODE = YES;
				CLANG_WARN__DUPLICATE_METHOD_MATCH = YES;
				COPY_PHASE_STRIP = NO;
				DEBUG_INFORMATION_FORMAT = dwarf;
				ENABLE_STRICT_OBJC_MSGSEND = YES;
				ENABLE_TESTABILITY = YES;
				GCC_C_LANGUAGE_STANDARD = gnu11;
				GCC_DYNAMIC_NO_PIC = NO;
				GCC_NO_COMMON_BLOCKS = YES;
				GCC_OPTIMIZATION_LEVEL = 0;
				GCC_PREPROCESSOR_DEFINITIONS = (
					"DEBUG=1",
					"$(inherited)",
				);
				GCC_WARN_64_TO_32_BIT_CONVERSION = YES;
				GCC_WARN_ABOUT_RETURN_TYPE = YES_ERROR;
				GCC_WARN_UNDECLARED_SELECTOR = YES;
				GCC_WARN_UNINITIALIZED_AUTOS = YES_AGGRESSIVE;
				GCC_WARN_UNUSED_FUNCTION = YES;
				GCC_WARN_UNUSED_VARIABLE = YES;
				IPHONEOS_DEPLOYMENT_TARGET = 15.5;
				MTL_ENABLE_DEBUG_INFO = INCLUDE_SOURCE;
				MTL_FAST_MATH = YES;
				ONLY_ACTIVE_ARCH = YES;
				SDKROOT = iphoneos;
				SWIFT_ACTIVE_COMPILATION_CONDITIONS = DEBUG;
				SWIFT_OPTIMIZATION_LEVEL = "-Onone";
			};
			name = Debug;
		};
		7D21407F28578042000E35FA /* Release */ = {
			isa = XCBuildConfiguration;
			buildSettings = {
				ALWAYS_SEARCH_USER_PATHS = NO;
				CLANG_ANALYZER_NONNULL = YES;
				CLANG_ANALYZER_NUMBER_OBJECT_CONVERSION = YES_AGGRESSIVE;
				CLANG_CXX_LANGUAGE_STANDARD = "gnu++17";
				CLANG_ENABLE_MODULES = YES;
				CLANG_ENABLE_OBJC_ARC = YES;
				CLANG_ENABLE_OBJC_WEAK = YES;
				CLANG_WARN_BLOCK_CAPTURE_AUTORELEASING = YES;
				CLANG_WARN_BOOL_CONVERSION = YES;
				CLANG_WARN_COMMA = YES;
				CLANG_WARN_CONSTANT_CONVERSION = YES;
				CLANG_WARN_DEPRECATED_OBJC_IMPLEMENTATIONS = YES;
				CLANG_WARN_DIRECT_OBJC_ISA_USAGE = YES_ERROR;
				CLANG_WARN_DOCUMENTATION_COMMENTS = YES;
				CLANG_WARN_EMPTY_BODY = YES;
				CLANG_WARN_ENUM_CONVERSION = YES;
				CLANG_WARN_INFINITE_RECURSION = YES;
				CLANG_WARN_INT_CONVERSION = YES;
				CLANG_WARN_NON_LITERAL_NULL_CONVERSION = YES;
				CLANG_WARN_OBJC_IMPLICIT_RETAIN_SELF = YES;
				CLANG_WARN_OBJC_LITERAL_CONVERSION = YES;
				CLANG_WARN_OBJC_ROOT_CLASS = YES_ERROR;
				CLANG_WARN_QUOTED_INCLUDE_IN_FRAMEWORK_HEADER = YES;
				CLANG_WARN_RANGE_LOOP_ANALYSIS = YES;
				CLANG_WARN_STRICT_PROTOTYPES = YES;
				CLANG_WARN_SUSPICIOUS_MOVE = YES;
				CLANG_WARN_UNGUARDED_AVAILABILITY = YES_AGGRESSIVE;
				CLANG_WARN_UNREACHABLE_CODE = YES;
				CLANG_WARN__DUPLICATE_METHOD_MATCH = YES;
				COPY_PHASE_STRIP = NO;
				DEBUG_INFORMATION_FORMAT = "dwarf-with-dsym";
				ENABLE_NS_ASSERTIONS = NO;
				ENABLE_STRICT_OBJC_MSGSEND = YES;
				GCC_C_LANGUAGE_STANDARD = gnu11;
				GCC_NO_COMMON_BLOCKS = YES;
				GCC_WARN_64_TO_32_BIT_CONVERSION = YES;
				GCC_WARN_ABOUT_RETURN_TYPE = YES_ERROR;
				GCC_WARN_UNDECLARED_SELECTOR = YES;
				GCC_WARN_UNINITIALIZED_AUTOS = YES_AGGRESSIVE;
				GCC_WARN_UNUSED_FUNCTION = YES;
				GCC_WARN_UNUSED_VARIABLE = YES;
				IPHONEOS_DEPLOYMENT_TARGET = 15.5;
				MTL_ENABLE_DEBUG_INFO = NO;
				MTL_FAST_MATH = YES;
				SDKROOT = iphoneos;
				SWIFT_COMPILATION_MODE = wholemodule;
				SWIFT_OPTIMIZATION_LEVEL = "-O";
				VALIDATE_PRODUCT = YES;
			};
			name = Release;
		};
		7D21408128578042000E35FA /* Debug */ = {
			isa = XCBuildConfiguration;
			buildSettings = {
				ASSETCATALOG_COMPILER_APPICON_NAME = AppIcon;
				ASSETCATALOG_COMPILER_GLOBAL_ACCENT_COLOR_NAME = AccentColor;
				CODE_SIGN_STYLE = Automatic;
				CURRENT_PROJECT_VERSION = 1;
				GENERATE_INFOPLIST_FILE = YES;
				INFOPLIST_FILE = NAVIGATE/Info.plist;
				INFOPLIST_KEY_UIApplicationSupportsIndirectInputEvents = YES;
				INFOPLIST_KEY_UILaunchStoryboardName = LaunchScreen;
				INFOPLIST_KEY_UIMainStoryboardFile = Main;
				INFOPLIST_KEY_UISupportedInterfaceOrientations_iPad = "UIInterfaceOrientationPortrait UIInterfaceOrientationPortraitUpsideDown UIInterfaceOrientationLandscapeLeft UIInterfaceOrientationLandscapeRight";
				INFOPLIST_KEY_UISupportedInterfaceOrientations_iPhone = "UIInterfaceOrientationPortrait UIInterfaceOrientationLandscapeLeft UIInterfaceOrientationLandscapeRight";
				LD_RUNPATH_SEARCH_PATHS = (
					"$(inherited)",
					"@executable_path/Frameworks",
				);
				MARKETING_VERSION = 1.0;
				PRODUCT_BUNDLE_IDENTIFIER = v.NAVIGATE;
				PRODUCT_NAME = "$(TARGET_NAME)";
				SWIFT_EMIT_LOC_STRINGS = YES;
				SWIFT_VERSION = 5.0;
				TARGETED_DEVICE_FAMILY = "1,2";
			};
			name = Debug;
		};
		7D21408228578042000E35FA /* Release */ = {
			isa = XCBuildConfiguration;
			buildSettings = {
				ASSETCATALOG_COMPILER_APPICON_NAME = AppIcon;
				ASSETCATALOG_COMPILER_GLOBAL_ACCENT_COLOR_NAME = AccentColor;
				CODE_SIGN_STYLE = Automatic;
				CURRENT_PROJECT_VERSION = 1;
				GENERATE_INFOPLIST_FILE = YES;
				INFOPLIST_FILE = NAVIGATE/Info.plist;
				INFOPLIST_KEY_UIApplicationSupportsIndirectInputEvents = YES;
				INFOPLIST_KEY_UILaunchStoryboardName = LaunchScreen;
				INFOPLIST_KEY_UIMainStoryboardFile = Main;
				INFOPLIST_KEY_UISupportedInterfaceOrientations_iPad = "UIInterfaceOrientationPortrait UIInterfaceOrientationPortraitUpsideDown UIInterfaceOrientationLandscapeLeft UIInterfaceOrientationLandscapeRight";
				INFOPLIST_KEY_UISupportedInterfaceOrientations_iPhone = "UIInterfaceOrientationPortrait UIInterfaceOrientationLandscapeLeft UIInterfaceOrientationLandscapeRight";
				LD_RUNPATH_SEARCH_PATHS = (
					"$(inherited)",
					"@executable_path/Frameworks",
				);
				MARKETING_VERSION = 1.0;
				PRODUCT_BUNDLE_IDENTIFIER = v.NAVIGATE;
				PRODUCT_NAME = "$(TARGET_NAME)";
				SWIFT_EMIT_LOC_STRINGS = YES;
				SWIFT_VERSION = 5.0;
				TARGETED_DEVICE_FAMILY = "1,2";
			};
			name = Release;
		};
		7D21408428578042000E35FA /* Debug */ = {
			isa = XCBuildConfiguration;
			buildSettings = {
				ALWAYS_EMBED_SWIFT_STANDARD_LIBRARIES = YES;
				BUNDLE_LOADER = "$(TEST_HOST)";
				CODE_SIGN_STYLE = Automatic;
				CURRENT_PROJECT_VERSION = 1;
				GENERATE_INFOPLIST_FILE = YES;
				IPHONEOS_DEPLOYMENT_TARGET = 15.5;
				MARKETING_VERSION = 1.0;
				PRODUCT_BUNDLE_IDENTIFIER = v.NAVIGATETests;
				PRODUCT_NAME = "$(TARGET_NAME)";
				SWIFT_EMIT_LOC_STRINGS = NO;
				SWIFT_VERSION = 5.0;
				TARGETED_DEVICE_FAMILY = "1,2";
				TEST_HOST = "$(BUILT_PRODUCTS_DIR)/NAVIGATE.app/NAVIGATE";
			};
			name = Debug;
		};
		7D21408528578042000E35FA /* Release */ = {
			isa = XCBuildConfiguration;
			buildSettings = {
				ALWAYS_EMBED_SWIFT_STANDARD_LIBRARIES = YES;
				BUNDLE_LOADER = "$(TEST_HOST)";
				CODE_SIGN_STYLE = Automatic;
				CURRENT_PROJECT_VERSION = 1;
				GENERATE_INFOPLIST_FILE = YES;
				IPHONEOS_DEPLOYMENT_TARGET = 15.5;
				MARKETING_VERSION = 1.0;
				PRODUCT_BUNDLE_IDENTIFIER = v.NAVIGATETests;
				PRODUCT_NAME = "$(TARGET_NAME)";
				SWIFT_EMIT_LOC_STRINGS = NO;
				SWIFT_VERSION = 5.0;
				TARGETED_DEVICE_FAMILY = "1,2";
				TEST_HOST = "$(BUILT_PRODUCTS_DIR)/NAVIGATE.app/NAVIGATE";
			};
			name = Release;
		};
		7D21408728578042000E35FA /* Debug */ = {
			isa = XCBuildConfiguration;
			buildSettings = {
				ALWAYS_EMBED_SWIFT_STANDARD_LIBRARIES = YES;
				CODE_SIGN_STYLE = Automatic;
				CURRENT_PROJECT_VERSION = 1;
				GENERATE_INFOPLIST_FILE = YES;
				MARKETING_VERSION = 1.0;
				PRODUCT_BUNDLE_IDENTIFIER = v.NAVIGATEUITests;
				PRODUCT_NAME = "$(TARGET_NAME)";
				SWIFT_EMIT_LOC_STRINGS = NO;
				SWIFT_VERSION = 5.0;
				TARGETED_DEVICE_FAMILY = "1,2";
				TEST_TARGET_NAME = NAVIGATE;
			};
			name = Debug;
		};
		7D21408828578042000E35FA /* Release */ = {
			isa = XCBuildConfiguration;
			buildSettings = {
				ALWAYS_EMBED_SWIFT_STANDARD_LIBRARIES = YES;
				CODE_SIGN_STYLE = Automatic;
				CURRENT_PROJECT_VERSION = 1;
				GENERATE_INFOPLIST_FILE = YES;
				MARKETING_VERSION = 1.0;
				PRODUCT_BUNDLE_IDENTIFIER = v.NAVIGATEUITests;
				PRODUCT_NAME = "$(TARGET_NAME)";
				SWIFT_EMIT_LOC_STRINGS = NO;
				SWIFT_VERSION = 5.0;
				TARGETED_DEVICE_FAMILY = "1,2";
				TEST_TARGET_NAME = NAVIGATE;
			};
			name = Release;
		};
/* End XCBuildConfiguration section */

/* Begin XCConfigurationList section */
		7D21405128578040000E35FA /* Build configuration list for PBXProject "NAVIGATE" */ = {
			isa = XCConfigurationList;
			buildConfigurations = (
				7D21407E28578042000E35FA /* Debug */,
				7D21407F28578042000E35FA /* Release */,
			);
			defaultConfigurationIsVisible = 0;
			defaultConfigurationName = Release;
		};
		7D21408028578042000E35FA /* Build configuration list for PBXNativeTarget "NAVIGATE" */ = {
			isa = XCConfigurationList;
			buildConfigurations = (
				7D21408128578042000E35FA /* Debug */,
				7D21408228578042000E35FA /* Release */,
			);
			defaultConfigurationIsVisible = 0;
			defaultConfigurationName = Release;
		};
		7D21408328578042000E35FA /* Build configuration list for PBXNativeTarget "NAVIGATETests" */ = {
			isa = XCConfigurationList;
			buildConfigurations = (
				7D21408428578042000E35FA /* Debug */,
				7D21408528578042000E35FA /* Release */,
			);
			defaultConfigurationIsVisible = 0;
			defaultConfigurationName = Release;
		};
		7D21408628578042000E35FA /* Build configuration list for PBXNativeTarget "NAVIGATEUITests" */ = {
			isa = XCConfigurationList;
			buildConfigurations = (
				7D21408728578042000E35FA /* Debug */,
				7D21408828578042000E35FA /* Release */,
			);
			defaultConfigurationIsVisible = 0;
			defaultConfigurationName = Release;
		};
/* End XCConfigurationList section */
	};
	rootObject = 7D21404E28578040000E35FA /* Project object */;
}
