// !$*UTF8*$!
{
	archiveVersion = 1;
	classes = {
	};
	objectVersion = 55;
	objects = {

/* Begin PBXBuildFile section */
		7D451C702861F5AC007D4CD9 /* AppDelegate.swift in Sources */ = {isa = PBXBuildFile; fileRef = 7D451C6F2861F5AC007D4CD9 /* AppDelegate.swift */; };
		7D451C722861F5AC007D4CD9 /* SceneDelegate.swift in Sources */ = {isa = PBXBuildFile; fileRef = 7D451C712861F5AC007D4CD9 /* SceneDelegate.swift */; };
		7D451C772861F5AC007D4CD9 /* Main.storyboard in Resources */ = {isa = PBXBuildFile; fileRef = 7D451C752861F5AC007D4CD9 /* Main.storyboard */; };
		7D451C792861F5AD007D4CD9 /* Assets.xcassets in Resources */ = {isa = PBXBuildFile; fileRef = 7D451C782861F5AD007D4CD9 /* Assets.xcassets */; };
		7D451C7C2861F5AD007D4CD9 /* LaunchScreen.storyboard in Resources */ = {isa = PBXBuildFile; fileRef = 7D451C7A2861F5AD007D4CD9 /* LaunchScreen.storyboard */; };
		7D451C872861F5AD007D4CD9 /* collectionViewTests.swift in Sources */ = {isa = PBXBuildFile; fileRef = 7D451C862861F5AD007D4CD9 /* collectionViewTests.swift */; };
		7D451C912861F5AD007D4CD9 /* collectionViewUITests.swift in Sources */ = {isa = PBXBuildFile; fileRef = 7D451C902861F5AD007D4CD9 /* collectionViewUITests.swift */; };
		7D451C932861F5AD007D4CD9 /* collectionViewUITestsLaunchTests.swift in Sources */ = {isa = PBXBuildFile; fileRef = 7D451C922861F5AD007D4CD9 /* collectionViewUITestsLaunchTests.swift */; };
		7D451CA02861F69D007D4CD9 /* CityCollectionViewCell.swift in Sources */ = {isa = PBXBuildFile; fileRef = 7D451C9F2861F69D007D4CD9 /* CityCollectionViewCell.swift */; };
		7D451CA22861F6D6007D4CD9 /* CityCollectionViewController.swift in Sources */ = {isa = PBXBuildFile; fileRef = 7D451CA12861F6D6007D4CD9 /* CityCollectionViewController.swift */; };
		7D451CA42861F8BA007D4CD9 /* City.swift in Sources */ = {isa = PBXBuildFile; fileRef = 7D451CA32861F8BA007D4CD9 /* City.swift */; };
		7D451CA628620CFC007D4CD9 /* CityDetailViewController.swift in Sources */ = {isa = PBXBuildFile; fileRef = 7D451CA528620CFC007D4CD9 /* CityDetailViewController.swift */; };
/* End PBXBuildFile section */

/* Begin PBXContainerItemProxy section */
		7D451C832861F5AD007D4CD9 /* PBXContainerItemProxy */ = {
			isa = PBXContainerItemProxy;
			containerPortal = 7D451C642861F5AC007D4CD9 /* Project object */;
			proxyType = 1;
			remoteGlobalIDString = 7D451C6B2861F5AC007D4CD9;
			remoteInfo = collectionView;
		};
		7D451C8D2861F5AD007D4CD9 /* PBXContainerItemProxy */ = {
			isa = PBXContainerItemProxy;
			containerPortal = 7D451C642861F5AC007D4CD9 /* Project object */;
			proxyType = 1;
			remoteGlobalIDString = 7D451C6B2861F5AC007D4CD9;
			remoteInfo = collectionView;
		};
/* End PBXContainerItemProxy section */

/* Begin PBXFileReference section */
		7D451C6C2861F5AC007D4CD9 /* collectionView.app */ = {isa = PBXFileReference; explicitFileType = wrapper.application; includeInIndex = 0; path = collectionView.app; sourceTree = BUILT_PRODUCTS_DIR; };
		7D451C6F2861F5AC007D4CD9 /* AppDelegate.swift */ = {isa = PBXFileReference; lastKnownFileType = sourcecode.swift; path = AppDelegate.swift; sourceTree = "<group>"; };
		7D451C712861F5AC007D4CD9 /* SceneDelegate.swift */ = {isa = PBXFileReference; lastKnownFileType = sourcecode.swift; path = SceneDelegate.swift; sourceTree = "<group>"; };
		7D451C762861F5AC007D4CD9 /* Base */ = {isa = PBXFileReference; lastKnownFileType = file.storyboard; name = Base; path = Base.lproj/Main.storyboard; sourceTree = "<group>"; };
		7D451C782861F5AD007D4CD9 /* Assets.xcassets */ = {isa = PBXFileReference; lastKnownFileType = folder.assetcatalog; path = Assets.xcassets; sourceTree = "<group>"; };
		7D451C7B2861F5AD007D4CD9 /* Base */ = {isa = PBXFileReference; lastKnownFileType = file.storyboard; name = Base; path = Base.lproj/LaunchScreen.storyboard; sourceTree = "<group>"; };
		7D451C7D2861F5AD007D4CD9 /* Info.plist */ = {isa = PBXFileReference; lastKnownFileType = text.plist.xml; path = Info.plist; sourceTree = "<group>"; };
		7D451C822861F5AD007D4CD9 /* collectionViewTests.xctest */ = {isa = PBXFileReference; explicitFileType = wrapper.cfbundle; includeInIndex = 0; path = collectionViewTests.xctest; sourceTree = BUILT_PRODUCTS_DIR; };
		7D451C862861F5AD007D4CD9 /* collectionViewTests.swift */ = {isa = PBXFileReference; lastKnownFileType = sourcecode.swift; path = collectionViewTests.swift; sourceTree = "<group>"; };
		7D451C8C2861F5AD007D4CD9 /* collectionViewUITests.xctest */ = {isa = PBXFileReference; explicitFileType = wrapper.cfbundle; includeInIndex = 0; path = collectionViewUITests.xctest; sourceTree = BUILT_PRODUCTS_DIR; };
		7D451C902861F5AD007D4CD9 /* collectionViewUITests.swift */ = {isa = PBXFileReference; lastKnownFileType = sourcecode.swift; path = collectionViewUITests.swift; sourceTree = "<group>"; };
		7D451C922861F5AD007D4CD9 /* collectionViewUITestsLaunchTests.swift */ = {isa = PBXFileReference; lastKnownFileType = sourcecode.swift; path = collectionViewUITestsLaunchTests.swift; sourceTree = "<group>"; };
		7D451C9F2861F69D007D4CD9 /* CityCollectionViewCell.swift */ = {isa = PBXFileReference; lastKnownFileType = sourcecode.swift; path = CityCollectionViewCell.swift; sourceTree = "<group>"; };
		7D451CA12861F6D6007D4CD9 /* CityCollectionViewController.swift */ = {isa = PBXFileReference; lastKnownFileType = sourcecode.swift; path = CityCollectionViewController.swift; sourceTree = "<group>"; };
		7D451CA32861F8BA007D4CD9 /* City.swift */ = {isa = PBXFileReference; lastKnownFileType = sourcecode.swift; path = City.swift; sourceTree = "<group>"; };
		7D451CA528620CFC007D4CD9 /* CityDetailViewController.swift */ = {isa = PBXFileReference; lastKnownFileType = sourcecode.swift; path = CityDetailViewController.swift; sourceTree = "<group>"; };
/* End PBXFileReference section */

/* Begin PBXFrameworksBuildPhase section */
		7D451C692861F5AC007D4CD9 /* Frameworks */ = {
			isa = PBXFrameworksBuildPhase;
			buildActionMask = 2147483647;
			files = (
			);
			runOnlyForDeploymentPostprocessing = 0;
		};
		7D451C7F2861F5AD007D4CD9 /* Frameworks */ = {
			isa = PBXFrameworksBuildPhase;
			buildActionMask = 2147483647;
			files = (
			);
			runOnlyForDeploymentPostprocessing = 0;
		};
		7D451C892861F5AD007D4CD9 /* Frameworks */ = {
			isa = PBXFrameworksBuildPhase;
			buildActionMask = 2147483647;
			files = (
			);
			runOnlyForDeploymentPostprocessing = 0;
		};
/* End PBXFrameworksBuildPhase section */

/* Begin PBXGroup section */
		7D451C632861F5AC007D4CD9 = {
			isa = PBXGroup;
			children = (
				7D451C6E2861F5AC007D4CD9 /* collectionView */,
				7D451C852861F5AD007D4CD9 /* collectionViewTests */,
				7D451C8F2861F5AD007D4CD9 /* collectionViewUITests */,
				7D451C6D2861F5AC007D4CD9 /* Products */,
			);
			sourceTree = "<group>";
		};
		7D451C6D2861F5AC007D4CD9 /* Products */ = {
			isa = PBXGroup;
			children = (
				7D451C6C2861F5AC007D4CD9 /* collectionView.app */,
				7D451C822861F5AD007D4CD9 /* collectionViewTests.xctest */,
				7D451C8C2861F5AD007D4CD9 /* collectionViewUITests.xctest */,
			);
			name = Products;
			sourceTree = "<group>";
		};
		7D451C6E2861F5AC007D4CD9 /* collectionView */ = {
			isa = PBXGroup;
			children = (
				7D451C6F2861F5AC007D4CD9 /* AppDelegate.swift */,
				7D451C712861F5AC007D4CD9 /* SceneDelegate.swift */,
				7D451C9F2861F69D007D4CD9 /* CityCollectionViewCell.swift */,
				7D451CA12861F6D6007D4CD9 /* CityCollectionViewController.swift */,
				7D451CA32861F8BA007D4CD9 /* City.swift */,
				7D451CA528620CFC007D4CD9 /* CityDetailViewController.swift */,
				7D451C752861F5AC007D4CD9 /* Main.storyboard */,
				7D451C782861F5AD007D4CD9 /* Assets.xcassets */,
				7D451C7A2861F5AD007D4CD9 /* LaunchScreen.storyboard */,
				7D451C7D2861F5AD007D4CD9 /* Info.plist */,
			);
			path = collectionView;
			sourceTree = "<group>";
		};
		7D451C852861F5AD007D4CD9 /* collectionViewTests */ = {
			isa = PBXGroup;
			children = (
				7D451C862861F5AD007D4CD9 /* collectionViewTests.swift */,
			);
			path = collectionViewTests;
			sourceTree = "<group>";
		};
		7D451C8F2861F5AD007D4CD9 /* collectionViewUITests */ = {
			isa = PBXGroup;
			children = (
				7D451C902861F5AD007D4CD9 /* collectionViewUITests.swift */,
				7D451C922861F5AD007D4CD9 /* collectionViewUITestsLaunchTests.swift */,
			);
			path = collectionViewUITests;
			sourceTree = "<group>";
		};
/* End PBXGroup section */

/* Begin PBXNativeTarget section */
		7D451C6B2861F5AC007D4CD9 /* collectionView */ = {
			isa = PBXNativeTarget;
			buildConfigurationList = 7D451C962861F5AD007D4CD9 /* Build configuration list for PBXNativeTarget "collectionView" */;
			buildPhases = (
				7D451C682861F5AC007D4CD9 /* Sources */,
				7D451C692861F5AC007D4CD9 /* Frameworks */,
				7D451C6A2861F5AC007D4CD9 /* Resources */,
			);
			buildRules = (
			);
			dependencies = (
			);
			name = collectionView;
			productName = collectionView;
			productReference = 7D451C6C2861F5AC007D4CD9 /* collectionView.app */;
			productType = "com.apple.product-type.application";
		};
		7D451C812861F5AD007D4CD9 /* collectionViewTests */ = {
			isa = PBXNativeTarget;
			buildConfigurationList = 7D451C992861F5AD007D4CD9 /* Build configuration list for PBXNativeTarget "collectionViewTests" */;
			buildPhases = (
				7D451C7E2861F5AD007D4CD9 /* Sources */,
				7D451C7F2861F5AD007D4CD9 /* Frameworks */,
				7D451C802861F5AD007D4CD9 /* Resources */,
			);
			buildRules = (
			);
			dependencies = (
				7D451C842861F5AD007D4CD9 /* PBXTargetDependency */,
			);
			name = collectionViewTests;
			productName = collectionViewTests;
			productReference = 7D451C822861F5AD007D4CD9 /* collectionViewTests.xctest */;
			productType = "com.apple.product-type.bundle.unit-test";
		};
		7D451C8B2861F5AD007D4CD9 /* collectionViewUITests */ = {
			isa = PBXNativeTarget;
			buildConfigurationList = 7D451C9C2861F5AD007D4CD9 /* Build configuration list for PBXNativeTarget "collectionViewUITests" */;
			buildPhases = (
				7D451C882861F5AD007D4CD9 /* Sources */,
				7D451C892861F5AD007D4CD9 /* Frameworks */,
				7D451C8A2861F5AD007D4CD9 /* Resources */,
			);
			buildRules = (
			);
			dependencies = (
				7D451C8E2861F5AD007D4CD9 /* PBXTargetDependency */,
			);
			name = collectionViewUITests;
			productName = collectionViewUITests;
			productReference = 7D451C8C2861F5AD007D4CD9 /* collectionViewUITests.xctest */;
			productType = "com.apple.product-type.bundle.ui-testing";
		};
/* End PBXNativeTarget section */

/* Begin PBXProject section */
		7D451C642861F5AC007D4CD9 /* Project object */ = {
			isa = PBXProject;
			attributes = {
				BuildIndependentTargetsInParallel = 1;
				LastSwiftUpdateCheck = 1340;
				LastUpgradeCheck = 1340;
				TargetAttributes = {
					7D451C6B2861F5AC007D4CD9 = {
						CreatedOnToolsVersion = 13.4.1;
					};
					7D451C812861F5AD007D4CD9 = {
						CreatedOnToolsVersion = 13.4.1;
						TestTargetID = 7D451C6B2861F5AC007D4CD9;
					};
					7D451C8B2861F5AD007D4CD9 = {
						CreatedOnToolsVersion = 13.4.1;
						TestTargetID = 7D451C6B2861F5AC007D4CD9;
					};
				};
			};
			buildConfigurationList = 7D451C672861F5AC007D4CD9 /* Build configuration list for PBXProject "collectionView" */;
			compatibilityVersion = "Xcode 13.0";
			developmentRegion = en;
			hasScannedForEncodings = 0;
			knownRegions = (
				en,
				Base,
			);
			mainGroup = 7D451C632861F5AC007D4CD9;
			productRefGroup = 7D451C6D2861F5AC007D4CD9 /* Products */;
			projectDirPath = "";
			projectRoot = "";
			targets = (
				7D451C6B2861F5AC007D4CD9 /* collectionView */,
				7D451C812861F5AD007D4CD9 /* collectionViewTests */,
				7D451C8B2861F5AD007D4CD9 /* collectionViewUITests */,
			);
		};
/* End PBXProject section */

/* Begin PBXResourcesBuildPhase section */
		7D451C6A2861F5AC007D4CD9 /* Resources */ = {
			isa = PBXResourcesBuildPhase;
			buildActionMask = 2147483647;
			files = (
				7D451C7C2861F5AD007D4CD9 /* LaunchScreen.storyboard in Resources */,
				7D451C792861F5AD007D4CD9 /* Assets.xcassets in Resources */,
				7D451C772861F5AC007D4CD9 /* Main.storyboard in Resources */,
			);
			runOnlyForDeploymentPostprocessing = 0;
		};
		7D451C802861F5AD007D4CD9 /* Resources */ = {
			isa = PBXResourcesBuildPhase;
			buildActionMask = 2147483647;
			files = (
			);
			runOnlyForDeploymentPostprocessing = 0;
		};
		7D451C8A2861F5AD007D4CD9 /* Resources */ = {
			isa = PBXResourcesBuildPhase;
			buildActionMask = 2147483647;
			files = (
			);
			runOnlyForDeploymentPostprocessing = 0;
		};
/* End PBXResourcesBuildPhase section */

/* Begin PBXSourcesBuildPhase section */
		7D451C682861F5AC007D4CD9 /* Sources */ = {
			isa = PBXSourcesBuildPhase;
			buildActionMask = 2147483647;
			files = (
				7D451C702861F5AC007D4CD9 /* AppDelegate.swift in Sources */,
				7D451CA42861F8BA007D4CD9 /* City.swift in Sources */,
				7D451CA22861F6D6007D4CD9 /* CityCollectionViewController.swift in Sources */,
				7D451CA02861F69D007D4CD9 /* CityCollectionViewCell.swift in Sources */,
				7D451CA628620CFC007D4CD9 /* CityDetailViewController.swift in Sources */,
				7D451C722861F5AC007D4CD9 /* SceneDelegate.swift in Sources */,
			);
			runOnlyForDeploymentPostprocessing = 0;
		};
		7D451C7E2861F5AD007D4CD9 /* Sources */ = {
			isa = PBXSourcesBuildPhase;
			buildActionMask = 2147483647;
			files = (
				7D451C872861F5AD007D4CD9 /* collectionViewTests.swift in Sources */,
			);
			runOnlyForDeploymentPostprocessing = 0;
		};
		7D451C882861F5AD007D4CD9 /* Sources */ = {
			isa = PBXSourcesBuildPhase;
			buildActionMask = 2147483647;
			files = (
				7D451C912861F5AD007D4CD9 /* collectionViewUITests.swift in Sources */,
				7D451C932861F5AD007D4CD9 /* collectionViewUITestsLaunchTests.swift in Sources */,
			);
			runOnlyForDeploymentPostprocessing = 0;
		};
/* End PBXSourcesBuildPhase section */

/* Begin PBXTargetDependency section */
		7D451C842861F5AD007D4CD9 /* PBXTargetDependency */ = {
			isa = PBXTargetDependency;
			target = 7D451C6B2861F5AC007D4CD9 /* collectionView */;
			targetProxy = 7D451C832861F5AD007D4CD9 /* PBXContainerItemProxy */;
		};
		7D451C8E2861F5AD007D4CD9 /* PBXTargetDependency */ = {
			isa = PBXTargetDependency;
			target = 7D451C6B2861F5AC007D4CD9 /* collectionView */;
			targetProxy = 7D451C8D2861F5AD007D4CD9 /* PBXContainerItemProxy */;
		};
/* End PBXTargetDependency section */

/* Begin PBXVariantGroup section */
		7D451C752861F5AC007D4CD9 /* Main.storyboard */ = {
			isa = PBXVariantGroup;
			children = (
				7D451C762861F5AC007D4CD9 /* Base */,
			);
			name = Main.storyboard;
			sourceTree = "<group>";
		};
		7D451C7A2861F5AD007D4CD9 /* LaunchScreen.storyboard */ = {
			isa = PBXVariantGroup;
			children = (
				7D451C7B2861F5AD007D4CD9 /* Base */,
			);
			name = LaunchScreen.storyboard;
			sourceTree = "<group>";
		};
/* End PBXVariantGroup section */

/* Begin XCBuildConfiguration section */
		7D451C942861F5AD007D4CD9 /* Debug */ = {
			isa = XCBuildConfiguration;
			buildSettings = {
				ALWAYS_SEARCH_USER_PATHS = NO;
				CLANG_ANALYZER_NONNULL = YES;
				CLANG_ANALYZER_NUMBER_OBJECT_CONVERSION = YES_AGGRESSIVE;
				CLANG_CXX_LANGUAGE_STANDARD = "gnu++17";
				CLANG_ENABLE_MODULES = YES;
				CLANG_ENABLE_OBJC_ARC = YES;
				CLANG_ENABLE_OBJC_WEAK = YES;
				CLANG_WARN_BLOCK_CAPTURE_AUTORELEASING = YES;
				CLANG_WARN_BOOL_CONVERSION = YES;
				CLANG_WARN_COMMA = YES;
				CLANG_WARN_CONSTANT_CONVERSION = YES;
				CLANG_WARN_DEPRECATED_OBJC_IMPLEMENTATIONS = YES;
				CLANG_WARN_DIRECT_OBJC_ISA_USAGE = YES_ERROR;
				CLANG_WARN_DOCUMENTATION_COMMENTS = YES;
				CLANG_WARN_EMPTY_BODY = YES;
				CLANG_WARN_ENUM_CONVERSION = YES;
				CLANG_WARN_INFINITE_RECURSION = YES;
				CLANG_WARN_INT_CONVERSION = YES;
				CLANG_WARN_NON_LITERAL_NULL_CONVERSION = YES;
				CLANG_WARN_OBJC_IMPLICIT_RETAIN_SELF = YES;
				CLANG_WARN_OBJC_LITERAL_CONVERSION = YES;
				CLANG_WARN_OBJC_ROOT_CLASS = YES_ERROR;
				CLANG_WARN_QUOTED_INCLUDE_IN_FRAMEWORK_HEADER = YES;
				CLANG_WARN_RANGE_LOOP_ANALYSIS = YES;
				CLANG_WARN_STRICT_PROTOTYPES = YES;
				CLANG_WARN_SUSPICIOUS_MOVE = YES;
				CLANG_WARN_UNGUARDED_AVAILABILITY = YES_AGGRESSIVE;
				CLANG_WARN_UNREACHABLE_CODE = YES;
				CLANG_WARN__DUPLICATE_METHOD_MATCH = YES;
				COPY_PHASE_STRIP = NO;
				DEBUG_INFORMATION_FORMAT = dwarf;
				ENABLE_STRICT_OBJC_MSGSEND = YES;
				ENABLE_TESTABILITY = YES;
				GCC_C_LANGUAGE_STANDARD = gnu11;
				GCC_DYNAMIC_NO_PIC = NO;
				GCC_NO_COMMON_BLOCKS = YES;
				GCC_OPTIMIZATION_LEVEL = 0;
				GCC_PREPROCESSOR_DEFINITIONS = (
					"DEBUG=1",
					"$(inherited)",
				);
				GCC_WARN_64_TO_32_BIT_CONVERSION = YES;
				GCC_WARN_ABOUT_RETURN_TYPE = YES_ERROR;
				GCC_WARN_UNDECLARED_SELECTOR = YES;
				GCC_WARN_UNINITIALIZED_AUTOS = YES_AGGRESSIVE;
				GCC_WARN_UNUSED_FUNCTION = YES;
				GCC_WARN_UNUSED_VARIABLE = YES;
				IPHONEOS_DEPLOYMENT_TARGET = 15.5;
				MTL_ENABLE_DEBUG_INFO = INCLUDE_SOURCE;
				MTL_FAST_MATH = YES;
				ONLY_ACTIVE_ARCH = YES;
				SDKROOT = iphoneos;
				SWIFT_ACTIVE_COMPILATION_CONDITIONS = DEBUG;
				SWIFT_OPTIMIZATION_LEVEL = "-Onone";
			};
			name = Debug;
		};
		7D451C952861F5AD007D4CD9 /* Release */ = {
			isa = XCBuildConfiguration;
			buildSettings = {
				ALWAYS_SEARCH_USER_PATHS = NO;
				CLANG_ANALYZER_NONNULL = YES;
				CLANG_ANALYZER_NUMBER_OBJECT_CONVERSION = YES_AGGRESSIVE;
				CLANG_CXX_LANGUAGE_STANDARD = "gnu++17";
				CLANG_ENABLE_MODULES = YES;
				CLANG_ENABLE_OBJC_ARC = YES;
				CLANG_ENABLE_OBJC_WEAK = YES;
				CLANG_WARN_BLOCK_CAPTURE_AUTORELEASING = YES;
				CLANG_WARN_BOOL_CONVERSION = YES;
				CLANG_WARN_COMMA = YES;
				CLANG_WARN_CONSTANT_CONVERSION = YES;
				CLANG_WARN_DEPRECATED_OBJC_IMPLEMENTATIONS = YES;
				CLANG_WARN_DIRECT_OBJC_ISA_USAGE = YES_ERROR;
				CLANG_WARN_DOCUMENTATION_COMMENTS = YES;
				CLANG_WARN_EMPTY_BODY = YES;
				CLANG_WARN_ENUM_CONVERSION = YES;
				CLANG_WARN_INFINITE_RECURSION = YES;
				CLANG_WARN_INT_CONVERSION = YES;
				CLANG_WARN_NON_LITERAL_NULL_CONVERSION = YES;
				CLANG_WARN_OBJC_IMPLICIT_RETAIN_SELF = YES;
				CLANG_WARN_OBJC_LITERAL_CONVERSION = YES;
				CLANG_WARN_OBJC_ROOT_CLASS = YES_ERROR;
				CLANG_WARN_QUOTED_INCLUDE_IN_FRAMEWORK_HEADER = YES;
				CLANG_WARN_RANGE_LOOP_ANALYSIS = YES;
				CLANG_WARN_STRICT_PROTOTYPES = YES;
				CLANG_WARN_SUSPICIOUS_MOVE = YES;
				CLANG_WARN_UNGUARDED_AVAILABILITY = YES_AGGRESSIVE;
				CLANG_WARN_UNREACHABLE_CODE = YES;
				CLANG_WARN__DUPLICATE_METHOD_MATCH = YES;
				COPY_PHASE_STRIP = NO;
				DEBUG_INFORMATION_FORMAT = "dwarf-with-dsym";
				ENABLE_NS_ASSERTIONS = NO;
				ENABLE_STRICT_OBJC_MSGSEND = YES;
				GCC_C_LANGUAGE_STANDARD = gnu11;
				GCC_NO_COMMON_BLOCKS = YES;
				GCC_WARN_64_TO_32_BIT_CONVERSION = YES;
				GCC_WARN_ABOUT_RETURN_TYPE = YES_ERROR;
				GCC_WARN_UNDECLARED_SELECTOR = YES;
				GCC_WARN_UNINITIALIZED_AUTOS = YES_AGGRESSIVE;
				GCC_WARN_UNUSED_FUNCTION = YES;
				GCC_WARN_UNUSED_VARIABLE = YES;
				IPHONEOS_DEPLOYMENT_TARGET = 15.5;
				MTL_ENABLE_DEBUG_INFO = NO;
				MTL_FAST_MATH = YES;
				SDKROOT = iphoneos;
				SWIFT_COMPILATION_MODE = wholemodule;
				SWIFT_OPTIMIZATION_LEVEL = "-O";
				VALIDATE_PRODUCT = YES;
			};
			name = Release;
		};
		7D451C972861F5AD007D4CD9 /* Debug */ = {
			isa = XCBuildConfiguration;
			buildSettings = {
				ASSETCATALOG_COMPILER_APPICON_NAME = AppIcon;
				ASSETCATALOG_COMPILER_GLOBAL_ACCENT_COLOR_NAME = AccentColor;
				CODE_SIGN_STYLE = Automatic;
				CURRENT_PROJECT_VERSION = 1;
				GENERATE_INFOPLIST_FILE = YES;
				INFOPLIST_FILE = collectionView/Info.plist;
				INFOPLIST_KEY_UIApplicationSupportsIndirectInputEvents = YES;
				INFOPLIST_KEY_UILaunchStoryboardName = LaunchScreen;
				INFOPLIST_KEY_UIMainStoryboardFile = Main;
				INFOPLIST_KEY_UISupportedInterfaceOrientations_iPad = "UIInterfaceOrientationPortrait UIInterfaceOrientationPortraitUpsideDown UIInterfaceOrientationLandscapeLeft UIInterfaceOrientationLandscapeRight";
				INFOPLIST_KEY_UISupportedInterfaceOrientations_iPhone = "UIInterfaceOrientationPortrait UIInterfaceOrientationLandscapeLeft UIInterfaceOrientationLandscapeRight";
				LD_RUNPATH_SEARCH_PATHS = (
					"$(inherited)",
					"@executable_path/Frameworks",
				);
				MARKETING_VERSION = 1.0;
				PRODUCT_BUNDLE_IDENTIFIER = v.collectionView;
				PRODUCT_NAME = "$(TARGET_NAME)";
				SWIFT_EMIT_LOC_STRINGS = YES;
				SWIFT_VERSION = 5.0;
				TARGETED_DEVICE_FAMILY = "1,2";
			};
			name = Debug;
		};
		7D451C982861F5AD007D4CD9 /* Release */ = {
			isa = XCBuildConfiguration;
			buildSettings = {
				ASSETCATALOG_COMPILER_APPICON_NAME = AppIcon;
				ASSETCATALOG_COMPILER_GLOBAL_ACCENT_COLOR_NAME = AccentColor;
				CODE_SIGN_STYLE = Automatic;
				CURRENT_PROJECT_VERSION = 1;
				GENERATE_INFOPLIST_FILE = YES;
				INFOPLIST_FILE = collectionView/Info.plist;
				INFOPLIST_KEY_UIApplicationSupportsIndirectInputEvents = YES;
				INFOPLIST_KEY_UILaunchStoryboardName = LaunchScreen;
				INFOPLIST_KEY_UIMainStoryboardFile = Main;
				INFOPLIST_KEY_UISupportedInterfaceOrientations_iPad = "UIInterfaceOrientationPortrait UIInterfaceOrientationPortraitUpsideDown UIInterfaceOrientationLandscapeLeft UIInterfaceOrientationLandscapeRight";
				INFOPLIST_KEY_UISupportedInterfaceOrientations_iPhone = "UIInterfaceOrientationPortrait UIInterfaceOrientationLandscapeLeft UIInterfaceOrientationLandscapeRight";
				LD_RUNPATH_SEARCH_PATHS = (
					"$(inherited)",
					"@executable_path/Frameworks",
				);
				MARKETING_VERSION = 1.0;
				PRODUCT_BUNDLE_IDENTIFIER = v.collectionView;
				PRODUCT_NAME = "$(TARGET_NAME)";
				SWIFT_EMIT_LOC_STRINGS = YES;
				SWIFT_VERSION = 5.0;
				TARGETED_DEVICE_FAMILY = "1,2";
			};
			name = Release;
		};
		7D451C9A2861F5AD007D4CD9 /* Debug */ = {
			isa = XCBuildConfiguration;
			buildSettings = {
				ALWAYS_EMBED_SWIFT_STANDARD_LIBRARIES = YES;
				BUNDLE_LOADER = "$(TEST_HOST)";
				CODE_SIGN_STYLE = Automatic;
				CURRENT_PROJECT_VERSION = 1;
				GENERATE_INFOPLIST_FILE = YES;
				IPHONEOS_DEPLOYMENT_TARGET = 15.5;
				MARKETING_VERSION = 1.0;
				PRODUCT_BUNDLE_IDENTIFIER = v.collectionViewTests;
				PRODUCT_NAME = "$(TARGET_NAME)";
				SWIFT_EMIT_LOC_STRINGS = NO;
				SWIFT_VERSION = 5.0;
				TARGETED_DEVICE_FAMILY = "1,2";
				TEST_HOST = "$(BUILT_PRODUCTS_DIR)/collectionView.app/collectionView";
			};
			name = Debug;
		};
		7D451C9B2861F5AD007D4CD9 /* Release */ = {
			isa = XCBuildConfiguration;
			buildSettings = {
				ALWAYS_EMBED_SWIFT_STANDARD_LIBRARIES = YES;
				BUNDLE_LOADER = "$(TEST_HOST)";
				CODE_SIGN_STYLE = Automatic;
				CURRENT_PROJECT_VERSION = 1;
				GENERATE_INFOPLIST_FILE = YES;
				IPHONEOS_DEPLOYMENT_TARGET = 15.5;
				MARKETING_VERSION = 1.0;
				PRODUCT_BUNDLE_IDENTIFIER = v.collectionViewTests;
				PRODUCT_NAME = "$(TARGET_NAME)";
				SWIFT_EMIT_LOC_STRINGS = NO;
				SWIFT_VERSION = 5.0;
				TARGETED_DEVICE_FAMILY = "1,2";
				TEST_HOST = "$(BUILT_PRODUCTS_DIR)/collectionView.app/collectionView";
			};
			name = Release;
		};
		7D451C9D2861F5AD007D4CD9 /* Debug */ = {
			isa = XCBuildConfiguration;
			buildSettings = {
				ALWAYS_EMBED_SWIFT_STANDARD_LIBRARIES = YES;
				CODE_SIGN_STYLE = Automatic;
				CURRENT_PROJECT_VERSION = 1;
				GENERATE_INFOPLIST_FILE = YES;
				MARKETING_VERSION = 1.0;
				PRODUCT_BUNDLE_IDENTIFIER = v.collectionViewUITests;
				PRODUCT_NAME = "$(TARGET_NAME)";
				SWIFT_EMIT_LOC_STRINGS = NO;
				SWIFT_VERSION = 5.0;
				TARGETED_DEVICE_FAMILY = "1,2";
				TEST_TARGET_NAME = collectionView;
			};
			name = Debug;
		};
		7D451C9E2861F5AD007D4CD9 /* Release */ = {
			isa = XCBuildConfiguration;
			buildSettings = {
				ALWAYS_EMBED_SWIFT_STANDARD_LIBRARIES = YES;
				CODE_SIGN_STYLE = Automatic;
				CURRENT_PROJECT_VERSION = 1;
				GENERATE_INFOPLIST_FILE = YES;
				MARKETING_VERSION = 1.0;
				PRODUCT_BUNDLE_IDENTIFIER = v.collectionViewUITests;
				PRODUCT_NAME = "$(TARGET_NAME)";
				SWIFT_EMIT_LOC_STRINGS = NO;
				SWIFT_VERSION = 5.0;
				TARGETED_DEVICE_FAMILY = "1,2";
				TEST_TARGET_NAME = collectionView;
			};
			name = Release;
		};
/* End XCBuildConfiguration section */

/* Begin XCConfigurationList section */
		7D451C672861F5AC007D4CD9 /* Build configuration list for PBXProject "collectionView" */ = {
			isa = XCConfigurationList;
			buildConfigurations = (
				7D451C942861F5AD007D4CD9 /* Debug */,
				7D451C952861F5AD007D4CD9 /* Release */,
			);
			defaultConfigurationIsVisible = 0;
			defaultConfigurationName = Release;
		};
		7D451C962861F5AD007D4CD9 /* Build configuration list for PBXNativeTarget "collectionView" */ = {
			isa = XCConfigurationList;
			buildConfigurations = (
				7D451C972861F5AD007D4CD9 /* Debug */,
				7D451C982861F5AD007D4CD9 /* Release */,
			);
			defaultConfigurationIsVisible = 0;
			defaultConfigurationName = Release;
		};
		7D451C992861F5AD007D4CD9 /* Build configuration list for PBXNativeTarget "collectionViewTests" */ = {
			isa = XCConfigurationList;
			buildConfigurations = (
				7D451C9A2861F5AD007D4CD9 /* Debug */,
				7D451C9B2861F5AD007D4CD9 /* Release */,
			);
			defaultConfigurationIsVisible = 0;
			defaultConfigurationName = Release;
		};
		7D451C9C2861F5AD007D4CD9 /* Build configuration list for PBXNativeTarget "collectionViewUITests" */ = {
			isa = XCConfigurationList;
			buildConfigurations = (
				7D451C9D2861F5AD007D4CD9 /* Debug */,
				7D451C9E2861F5AD007D4CD9 /* Release */,
			);
			defaultConfigurationIsVisible = 0;
			defaultConfigurationName = Release;
		};
/* End XCConfigurationList section */
	};
	rootObject = 7D451C642861F5AC007D4CD9 /* Project object */;
}
