// !$*UTF8*$!
{
	archiveVersion = 1;
	classes = {
	};
	objectVersion = 55;
	objects = {

/* Begin PBXBuildFile section */
		0281827B28649EBF000D654B /* loginPage.swift in Sources */ = {isa = PBXBuildFile; fileRef = 0281827A28649EBF000D654B /* loginPage.swift */; };
		0281827D28649EDD000D654B /* welcomePage.swift in Sources */ = {isa = PBXBuildFile; fileRef = 0281827C28649EDD000D654B /* welcomePage.swift */; };
		0281827F28649F04000D654B /* changePasswordPage.swift in Sources */ = {isa = PBXBuildFile; fileRef = 0281827E28649F04000D654B /* changePasswordPage.swift */; };
		7D4A7C162863656100228452 /* AppDelegate.swift in Sources */ = {isa = PBXBuildFile; fileRef = 7D4A7C152863656100228452 /* AppDelegate.swift */; };
		7D4A7C182863656100228452 /* SceneDelegate.swift in Sources */ = {isa = PBXBuildFile; fileRef = 7D4A7C172863656100228452 /* SceneDelegate.swift */; };
		7D4A7C1D2863656100228452 /* Main.storyboard in Resources */ = {isa = PBXBuildFile; fileRef = 7D4A7C1B2863656100228452 /* Main.storyboard */; };
		7D4A7C1F2863656100228452 /* Assets.xcassets in Resources */ = {isa = PBXBuildFile; fileRef = 7D4A7C1E2863656100228452 /* Assets.xcassets */; };
		7D4A7C222863656100228452 /* LaunchScreen.storyboard in Resources */ = {isa = PBXBuildFile; fileRef = 7D4A7C202863656100228452 /* LaunchScreen.storyboard */; };
		7D4A7C2D2863656200228452 /* project2Tests.swift in Sources */ = {isa = PBXBuildFile; fileRef = 7D4A7C2C2863656200228452 /* project2Tests.swift */; };
		7D4A7C372863656200228452 /* project2UITests.swift in Sources */ = {isa = PBXBuildFile; fileRef = 7D4A7C362863656200228452 /* project2UITests.swift */; };
		7D4A7C392863656200228452 /* project2UITestsLaunchTests.swift in Sources */ = {isa = PBXBuildFile; fileRef = 7D4A7C382863656200228452 /* project2UITestsLaunchTests.swift */; };
		7D6F13622869442E00782D1C /* changePassword.swift in Sources */ = {isa = PBXBuildFile; fileRef = 7D6F13612869442E00782D1C /* changePassword.swift */; };
		7D8F6B6A286418B600CE1B6F /* CalculatorViewController.swift in Sources */ = {isa = PBXBuildFile; fileRef = 7D8F6B69286418B500CE1B6F /* CalculatorViewController.swift */; };
/* End PBXBuildFile section */

/* Begin PBXContainerItemProxy section */
		7D4A7C292863656200228452 /* PBXContainerItemProxy */ = {
			isa = PBXContainerItemProxy;
			containerPortal = 7D4A7C0A2863656100228452 /* Project object */;
			proxyType = 1;
			remoteGlobalIDString = 7D4A7C112863656100228452;
			remoteInfo = project2;
		};
		7D4A7C332863656200228452 /* PBXContainerItemProxy */ = {
			isa = PBXContainerItemProxy;
			containerPortal = 7D4A7C0A2863656100228452 /* Project object */;
			proxyType = 1;
			remoteGlobalIDString = 7D4A7C112863656100228452;
			remoteInfo = project2;
		};
/* End PBXContainerItemProxy section */

/* Begin PBXFileReference section */
		0281827A28649EBF000D654B /* loginPage.swift */ = {isa = PBXFileReference; lastKnownFileType = sourcecode.swift; path = loginPage.swift; sourceTree = "<group>"; };
		0281827C28649EDD000D654B /* welcomePage.swift */ = {isa = PBXFileReference; lastKnownFileType = sourcecode.swift; path = welcomePage.swift; sourceTree = "<group>"; };
		0281827E28649F04000D654B /* changePasswordPage.swift */ = {isa = PBXFileReference; lastKnownFileType = sourcecode.swift; path = changePasswordPage.swift; sourceTree = "<group>"; };
		7D4A7C122863656100228452 /* project2.app */ = {isa = PBXFileReference; explicitFileType = wrapper.application; includeInIndex = 0; path = project2.app; sourceTree = BUILT_PRODUCTS_DIR; };
		7D4A7C152863656100228452 /* AppDelegate.swift */ = {isa = PBXFileReference; lastKnownFileType = sourcecode.swift; path = AppDelegate.swift; sourceTree = "<group>"; };
		7D4A7C172863656100228452 /* SceneDelegate.swift */ = {isa = PBXFileReference; lastKnownFileType = sourcecode.swift; path = SceneDelegate.swift; sourceTree = "<group>"; };
		7D4A7C1C2863656100228452 /* Base */ = {isa = PBXFileReference; lastKnownFileType = file.storyboard; name = Base; path = Base.lproj/Main.storyboard; sourceTree = "<group>"; };
		7D4A7C1E2863656100228452 /* Assets.xcassets */ = {isa = PBXFileReference; lastKnownFileType = folder.assetcatalog; path = Assets.xcassets; sourceTree = "<group>"; };
		7D4A7C212863656100228452 /* Base */ = {isa = PBXFileReference; lastKnownFileType = file.storyboard; name = Base; path = Base.lproj/LaunchScreen.storyboard; sourceTree = "<group>"; };
		7D4A7C232863656100228452 /* Info.plist */ = {isa = PBXFileReference; lastKnownFileType = text.plist.xml; path = Info.plist; sourceTree = "<group>"; };
		7D4A7C282863656200228452 /* project2Tests.xctest */ = {isa = PBXFileReference; explicitFileType = wrapper.cfbundle; includeInIndex = 0; path = project2Tests.xctest; sourceTree = BUILT_PRODUCTS_DIR; };
		7D4A7C2C2863656200228452 /* project2Tests.swift */ = {isa = PBXFileReference; lastKnownFileType = sourcecode.swift; path = project2Tests.swift; sourceTree = "<group>"; };
		7D4A7C322863656200228452 /* project2UITests.xctest */ = {isa = PBXFileReference; explicitFileType = wrapper.cfbundle; includeInIndex = 0; path = project2UITests.xctest; sourceTree = BUILT_PRODUCTS_DIR; };
		7D4A7C362863656200228452 /* project2UITests.swift */ = {isa = PBXFileReference; lastKnownFileType = sourcecode.swift; path = project2UITests.swift; sourceTree = "<group>"; };
		7D4A7C382863656200228452 /* project2UITestsLaunchTests.swift */ = {isa = PBXFileReference; lastKnownFileType = sourcecode.swift; path = project2UITestsLaunchTests.swift; sourceTree = "<group>"; };
		7D6F13612869442E00782D1C /* changePassword.swift */ = {isa = PBXFileReference; lastKnownFileType = sourcecode.swift; path = changePassword.swift; sourceTree = "<group>"; };
		7D8F6B69286418B500CE1B6F /* CalculatorViewController.swift */ = {isa = PBXFileReference; lastKnownFileType = sourcecode.swift; path = CalculatorViewController.swift; sourceTree = "<group>"; };
/* End PBXFileReference section */

/* Begin PBXFrameworksBuildPhase section */
		7D4A7C0F2863656100228452 /* Frameworks */ = {
			isa = PBXFrameworksBuildPhase;
			buildActionMask = 2147483647;
			files = (
			);
			runOnlyForDeploymentPostprocessing = 0;
		};
		7D4A7C252863656200228452 /* Frameworks */ = {
			isa = PBXFrameworksBuildPhase;
			buildActionMask = 2147483647;
			files = (
			);
			runOnlyForDeploymentPostprocessing = 0;
		};
		7D4A7C2F2863656200228452 /* Frameworks */ = {
			isa = PBXFrameworksBuildPhase;
			buildActionMask = 2147483647;
			files = (
			);
			runOnlyForDeploymentPostprocessing = 0;
		};
/* End PBXFrameworksBuildPhase section */

/* Begin PBXGroup section */
		7D4A7C092863656100228452 = {
			isa = PBXGroup;
			children = (
				7D4A7C142863656100228452 /* project2 */,
				7D4A7C2B2863656200228452 /* project2Tests */,
				7D4A7C352863656200228452 /* project2UITests */,
				7D4A7C132863656100228452 /* Products */,
			);
			sourceTree = "<group>";
		};
		7D4A7C132863656100228452 /* Products */ = {
			isa = PBXGroup;
			children = (
				7D4A7C122863656100228452 /* project2.app */,
				7D4A7C282863656200228452 /* project2Tests.xctest */,
				7D4A7C322863656200228452 /* project2UITests.xctest */,
			);
			name = Products;
			sourceTree = "<group>";
		};
		7D4A7C142863656100228452 /* project2 */ = {
			isa = PBXGroup;
			children = (
				7D4A7C152863656100228452 /* AppDelegate.swift */,
				7D4A7C172863656100228452 /* SceneDelegate.swift */,
				0281827A28649EBF000D654B /* loginPage.swift */,
				0281827C28649EDD000D654B /* welcomePage.swift */,
				7D8F6B69286418B500CE1B6F /* CalculatorViewController.swift */,
				0281827E28649F04000D654B /* changePasswordPage.swift */,
				7D6F13612869442E00782D1C /* changePassword.swift */,
				7D4A7C1B2863656100228452 /* Main.storyboard */,
				7D4A7C1E2863656100228452 /* Assets.xcassets */,
				7D4A7C202863656100228452 /* LaunchScreen.storyboard */,
				7D4A7C232863656100228452 /* Info.plist */,
			);
			path = project2;
			sourceTree = "<group>";
		};
		7D4A7C2B2863656200228452 /* project2Tests */ = {
			isa = PBXGroup;
			children = (
				7D4A7C2C2863656200228452 /* project2Tests.swift */,
			);
			path = project2Tests;
			sourceTree = "<group>";
		};
		7D4A7C352863656200228452 /* project2UITests */ = {
			isa = PBXGroup;
			children = (
				7D4A7C362863656200228452 /* project2UITests.swift */,
				7D4A7C382863656200228452 /* project2UITestsLaunchTests.swift */,
			);
			path = project2UITests;
			sourceTree = "<group>";
		};
/* End PBXGroup section */

/* Begin PBXNativeTarget section */
		7D4A7C112863656100228452 /* project2 */ = {
			isa = PBXNativeTarget;
			buildConfigurationList = 7D4A7C3C2863656200228452 /* Build configuration list for PBXNativeTarget "project2" */;
			buildPhases = (
				7D4A7C0E2863656100228452 /* Sources */,
				7D4A7C0F2863656100228452 /* Frameworks */,
				7D4A7C102863656100228452 /* Resources */,
			);
			buildRules = (
			);
			dependencies = (
			);
			name = project2;
			productName = project2;
			productReference = 7D4A7C122863656100228452 /* project2.app */;
			productType = "com.apple.product-type.application";
		};
		7D4A7C272863656200228452 /* project2Tests */ = {
			isa = PBXNativeTarget;
			buildConfigurationList = 7D4A7C3F2863656200228452 /* Build configuration list for PBXNativeTarget "project2Tests" */;
			buildPhases = (
				7D4A7C242863656200228452 /* Sources */,
				7D4A7C252863656200228452 /* Frameworks */,
				7D4A7C262863656200228452 /* Resources */,
			);
			buildRules = (
			);
			dependencies = (
				7D4A7C2A2863656200228452 /* PBXTargetDependency */,
			);
			name = project2Tests;
			productName = project2Tests;
			productReference = 7D4A7C282863656200228452 /* project2Tests.xctest */;
			productType = "com.apple.product-type.bundle.unit-test";
		};
		7D4A7C312863656200228452 /* project2UITests */ = {
			isa = PBXNativeTarget;
			buildConfigurationList = 7D4A7C422863656200228452 /* Build configuration list for PBXNativeTarget "project2UITests" */;
			buildPhases = (
				7D4A7C2E2863656200228452 /* Sources */,
				7D4A7C2F2863656200228452 /* Frameworks */,
				7D4A7C302863656200228452 /* Resources */,
			);
			buildRules = (
			);
			dependencies = (
				7D4A7C342863656200228452 /* PBXTargetDependency */,
			);
			name = project2UITests;
			productName = project2UITests;
			productReference = 7D4A7C322863656200228452 /* project2UITests.xctest */;
			productType = "com.apple.product-type.bundle.ui-testing";
		};
/* End PBXNativeTarget section */

/* Begin PBXProject section */
		7D4A7C0A2863656100228452 /* Project object */ = {
			isa = PBXProject;
			attributes = {
				BuildIndependentTargetsInParallel = 1;
				LastSwiftUpdateCheck = 1340;
				LastUpgradeCheck = 1340;
				TargetAttributes = {
					7D4A7C112863656100228452 = {
						CreatedOnToolsVersion = 13.4.1;
					};
					7D4A7C272863656200228452 = {
						CreatedOnToolsVersion = 13.4.1;
						TestTargetID = 7D4A7C112863656100228452;
					};
					7D4A7C312863656200228452 = {
						CreatedOnToolsVersion = 13.4.1;
						TestTargetID = 7D4A7C112863656100228452;
					};
				};
			};
			buildConfigurationList = 7D4A7C0D2863656100228452 /* Build configuration list for PBXProject "project2" */;
			compatibilityVersion = "Xcode 13.0";
			developmentRegion = en;
			hasScannedForEncodings = 0;
			knownRegions = (
				en,
				Base,
			);
			mainGroup = 7D4A7C092863656100228452;
			productRefGroup = 7D4A7C132863656100228452 /* Products */;
			projectDirPath = "";
			projectRoot = "";
			targets = (
				7D4A7C112863656100228452 /* project2 */,
				7D4A7C272863656200228452 /* project2Tests */,
				7D4A7C312863656200228452 /* project2UITests */,
			);
		};
/* End PBXProject section */

/* Begin PBXResourcesBuildPhase section */
		7D4A7C102863656100228452 /* Resources */ = {
			isa = PBXResourcesBuildPhase;
			buildActionMask = 2147483647;
			files = (
				7D4A7C222863656100228452 /* LaunchScreen.storyboard in Resources */,
				7D4A7C1F2863656100228452 /* Assets.xcassets in Resources */,
				7D4A7C1D2863656100228452 /* Main.storyboard in Resources */,
			);
			runOnlyForDeploymentPostprocessing = 0;
		};
		7D4A7C262863656200228452 /* Resources */ = {
			isa = PBXResourcesBuildPhase;
			buildActionMask = 2147483647;
			files = (
			);
			runOnlyForDeploymentPostprocessing = 0;
		};
		7D4A7C302863656200228452 /* Resources */ = {
			isa = PBXResourcesBuildPhase;
			buildActionMask = 2147483647;
			files = (
			);
			runOnlyForDeploymentPostprocessing = 0;
		};
/* End PBXResourcesBuildPhase section */

/* Begin PBXSourcesBuildPhase section */
		7D4A7C0E2863656100228452 /* Sources */ = {
			isa = PBXSourcesBuildPhase;
			buildActionMask = 2147483647;
			files = (
				0281827D28649EDD000D654B /* welcomePage.swift in Sources */,
				7D4A7C162863656100228452 /* AppDelegate.swift in Sources */,
				7D6F13622869442E00782D1C /* changePassword.swift in Sources */,
				0281827B28649EBF000D654B /* loginPage.swift in Sources */,
				7D8F6B6A286418B600CE1B6F /* CalculatorViewController.swift in Sources */,
				0281827F28649F04000D654B /* changePasswordPage.swift in Sources */,
				7D4A7C182863656100228452 /* SceneDelegate.swift in Sources */,
			);
			runOnlyForDeploymentPostprocessing = 0;
		};
		7D4A7C242863656200228452 /* Sources */ = {
			isa = PBXSourcesBuildPhase;
			buildActionMask = 2147483647;
			files = (
				7D4A7C2D2863656200228452 /* project2Tests.swift in Sources */,
			);
			runOnlyForDeploymentPostprocessing = 0;
		};
		7D4A7C2E2863656200228452 /* Sources */ = {
			isa = PBXSourcesBuildPhase;
			buildActionMask = 2147483647;
			files = (
				7D4A7C392863656200228452 /* project2UITestsLaunchTests.swift in Sources */,
				7D4A7C372863656200228452 /* project2UITests.swift in Sources */,
			);
			runOnlyForDeploymentPostprocessing = 0;
		};
/* End PBXSourcesBuildPhase section */

/* Begin PBXTargetDependency section */
		7D4A7C2A2863656200228452 /* PBXTargetDependency */ = {
			isa = PBXTargetDependency;
			target = 7D4A7C112863656100228452 /* project2 */;
			targetProxy = 7D4A7C292863656200228452 /* PBXContainerItemProxy */;
		};
		7D4A7C342863656200228452 /* PBXTargetDependency */ = {
			isa = PBXTargetDependency;
			target = 7D4A7C112863656100228452 /* project2 */;
			targetProxy = 7D4A7C332863656200228452 /* PBXContainerItemProxy */;
		};
/* End PBXTargetDependency section */

/* Begin PBXVariantGroup section */
		7D4A7C1B2863656100228452 /* Main.storyboard */ = {
			isa = PBXVariantGroup;
			children = (
				7D4A7C1C2863656100228452 /* Base */,
			);
			name = Main.storyboard;
			sourceTree = "<group>";
		};
		7D4A7C202863656100228452 /* LaunchScreen.storyboard */ = {
			isa = PBXVariantGroup;
			children = (
				7D4A7C212863656100228452 /* Base */,
			);
			name = LaunchScreen.storyboard;
			sourceTree = "<group>";
		};
/* End PBXVariantGroup section */

/* Begin XCBuildConfiguration section */
		7D4A7C3A2863656200228452 /* Debug */ = {
			isa = XCBuildConfiguration;
			buildSettings = {
				ALWAYS_SEARCH_USER_PATHS = NO;
				CLANG_ANALYZER_NONNULL = YES;
				CLANG_ANALYZER_NUMBER_OBJECT_CONVERSION = YES_AGGRESSIVE;
				CLANG_CXX_LANGUAGE_STANDARD = "gnu++17";
				CLANG_ENABLE_MODULES = YES;
				CLANG_ENABLE_OBJC_ARC = YES;
				CLANG_ENABLE_OBJC_WEAK = YES;
				CLANG_WARN_BLOCK_CAPTURE_AUTORELEASING = YES;
				CLANG_WARN_BOOL_CONVERSION = YES;
				CLANG_WARN_COMMA = YES;
				CLANG_WARN_CONSTANT_CONVERSION = YES;
				CLANG_WARN_DEPRECATED_OBJC_IMPLEMENTATIONS = YES;
				CLANG_WARN_DIRECT_OBJC_ISA_USAGE = YES_ERROR;
				CLANG_WARN_DOCUMENTATION_COMMENTS = YES;
				CLANG_WARN_EMPTY_BODY = YES;
				CLANG_WARN_ENUM_CONVERSION = YES;
				CLANG_WARN_INFINITE_RECURSION = YES;
				CLANG_WARN_INT_CONVERSION = YES;
				CLANG_WARN_NON_LITERAL_NULL_CONVERSION = YES;
				CLANG_WARN_OBJC_IMPLICIT_RETAIN_SELF = YES;
				CLANG_WARN_OBJC_LITERAL_CONVERSION = YES;
				CLANG_WARN_OBJC_ROOT_CLASS = YES_ERROR;
				CLANG_WARN_QUOTED_INCLUDE_IN_FRAMEWORK_HEADER = YES;
				CLANG_WARN_RANGE_LOOP_ANALYSIS = YES;
				CLANG_WARN_STRICT_PROTOTYPES = YES;
				CLANG_WARN_SUSPICIOUS_MOVE = YES;
				CLANG_WARN_UNGUARDED_AVAILABILITY = YES_AGGRESSIVE;
				CLANG_WARN_UNREACHABLE_CODE = YES;
				CLANG_WARN__DUPLICATE_METHOD_MATCH = YES;
				COPY_PHASE_STRIP = NO;
				DEBUG_INFORMATION_FORMAT = dwarf;
				ENABLE_STRICT_OBJC_MSGSEND = YES;
				ENABLE_TESTABILITY = YES;
				GCC_C_LANGUAGE_STANDARD = gnu11;
				GCC_DYNAMIC_NO_PIC = NO;
				GCC_NO_COMMON_BLOCKS = YES;
				GCC_OPTIMIZATION_LEVEL = 0;
				GCC_PREPROCESSOR_DEFINITIONS = (
					"DEBUG=1",
					"$(inherited)",
				);
				GCC_WARN_64_TO_32_BIT_CONVERSION = YES;
				GCC_WARN_ABOUT_RETURN_TYPE = YES_ERROR;
				GCC_WARN_UNDECLARED_SELECTOR = YES;
				GCC_WARN_UNINITIALIZED_AUTOS = YES_AGGRESSIVE;
				GCC_WARN_UNUSED_FUNCTION = YES;
				GCC_WARN_UNUSED_VARIABLE = YES;
				IPHONEOS_DEPLOYMENT_TARGET = 15.5;
				MTL_ENABLE_DEBUG_INFO = INCLUDE_SOURCE;
				MTL_FAST_MATH = YES;
				ONLY_ACTIVE_ARCH = YES;
				SDKROOT = iphoneos;
				SWIFT_ACTIVE_COMPILATION_CONDITIONS = DEBUG;
				SWIFT_OPTIMIZATION_LEVEL = "-Onone";
			};
			name = Debug;
		};
		7D4A7C3B2863656200228452 /* Release */ = {
			isa = XCBuildConfiguration;
			buildSettings = {
				ALWAYS_SEARCH_USER_PATHS = NO;
				CLANG_ANALYZER_NONNULL = YES;
				CLANG_ANALYZER_NUMBER_OBJECT_CONVERSION = YES_AGGRESSIVE;
				CLANG_CXX_LANGUAGE_STANDARD = "gnu++17";
				CLANG_ENABLE_MODULES = YES;
				CLANG_ENABLE_OBJC_ARC = YES;
				CLANG_ENABLE_OBJC_WEAK = YES;
				CLANG_WARN_BLOCK_CAPTURE_AUTORELEASING = YES;
				CLANG_WARN_BOOL_CONVERSION = YES;
				CLANG_WARN_COMMA = YES;
				CLANG_WARN_CONSTANT_CONVERSION = YES;
				CLANG_WARN_DEPRECATED_OBJC_IMPLEMENTATIONS = YES;
				CLANG_WARN_DIRECT_OBJC_ISA_USAGE = YES_ERROR;
				CLANG_WARN_DOCUMENTATION_COMMENTS = YES;
				CLANG_WARN_EMPTY_BODY = YES;
				CLANG_WARN_ENUM_CONVERSION = YES;
				CLANG_WARN_INFINITE_RECURSION = YES;
				CLANG_WARN_INT_CONVERSION = YES;
				CLANG_WARN_NON_LITERAL_NULL_CONVERSION = YES;
				CLANG_WARN_OBJC_IMPLICIT_RETAIN_SELF = YES;
				CLANG_WARN_OBJC_LITERAL_CONVERSION = YES;
				CLANG_WARN_OBJC_ROOT_CLASS = YES_ERROR;
				CLANG_WARN_QUOTED_INCLUDE_IN_FRAMEWORK_HEADER = YES;
				CLANG_WARN_RANGE_LOOP_ANALYSIS = YES;
				CLANG_WARN_STRICT_PROTOTYPES = YES;
				CLANG_WARN_SUSPICIOUS_MOVE = YES;
				CLANG_WARN_UNGUARDED_AVAILABILITY = YES_AGGRESSIVE;
				CLANG_WARN_UNREACHABLE_CODE = YES;
				CLANG_WARN__DUPLICATE_METHOD_MATCH = YES;
				COPY_PHASE_STRIP = NO;
				DEBUG_INFORMATION_FORMAT = "dwarf-with-dsym";
				ENABLE_NS_ASSERTIONS = NO;
				ENABLE_STRICT_OBJC_MSGSEND = YES;
				GCC_C_LANGUAGE_STANDARD = gnu11;
				GCC_NO_COMMON_BLOCKS = YES;
				GCC_WARN_64_TO_32_BIT_CONVERSION = YES;
				GCC_WARN_ABOUT_RETURN_TYPE = YES_ERROR;
				GCC_WARN_UNDECLARED_SELECTOR = YES;
				GCC_WARN_UNINITIALIZED_AUTOS = YES_AGGRESSIVE;
				GCC_WARN_UNUSED_FUNCTION = YES;
				GCC_WARN_UNUSED_VARIABLE = YES;
				IPHONEOS_DEPLOYMENT_TARGET = 15.5;
				MTL_ENABLE_DEBUG_INFO = NO;
				MTL_FAST_MATH = YES;
				SDKROOT = iphoneos;
				SWIFT_COMPILATION_MODE = wholemodule;
				SWIFT_OPTIMIZATION_LEVEL = "-O";
				VALIDATE_PRODUCT = YES;
			};
			name = Release;
		};
		7D4A7C3D2863656200228452 /* Debug */ = {
			isa = XCBuildConfiguration;
			buildSettings = {
				ASSETCATALOG_COMPILER_APPICON_NAME = AppIcon;
				ASSETCATALOG_COMPILER_GLOBAL_ACCENT_COLOR_NAME = AccentColor;
				CODE_SIGN_STYLE = Automatic;
				CURRENT_PROJECT_VERSION = 1;
				GENERATE_INFOPLIST_FILE = YES;
				INFOPLIST_FILE = project2/Info.plist;
				INFOPLIST_KEY_UIApplicationSupportsIndirectInputEvents = YES;
				INFOPLIST_KEY_UILaunchStoryboardName = LaunchScreen;
				INFOPLIST_KEY_UIMainStoryboardFile = Main;
				INFOPLIST_KEY_UISupportedInterfaceOrientations_iPad = "UIInterfaceOrientationPortrait UIInterfaceOrientationPortraitUpsideDown UIInterfaceOrientationLandscapeLeft UIInterfaceOrientationLandscapeRight";
				INFOPLIST_KEY_UISupportedInterfaceOrientations_iPhone = "UIInterfaceOrientationPortrait UIInterfaceOrientationLandscapeLeft UIInterfaceOrientationLandscapeRight";
				LD_RUNPATH_SEARCH_PATHS = (
					"$(inherited)",
					"@executable_path/Frameworks",
				);
				MARKETING_VERSION = 1.0;
				PRODUCT_BUNDLE_IDENTIFIER = v.project2;
				PRODUCT_NAME = "$(TARGET_NAME)";
				SWIFT_EMIT_LOC_STRINGS = YES;
				SWIFT_VERSION = 5.0;
				TARGETED_DEVICE_FAMILY = "1,2";
			};
			name = Debug;
		};
		7D4A7C3E2863656200228452 /* Release */ = {
			isa = XCBuildConfiguration;
			buildSettings = {
				ASSETCATALOG_COMPILER_APPICON_NAME = AppIcon;
				ASSETCATALOG_COMPILER_GLOBAL_ACCENT_COLOR_NAME = AccentColor;
				CODE_SIGN_STYLE = Automatic;
				CURRENT_PROJECT_VERSION = 1;
				GENERATE_INFOPLIST_FILE = YES;
				INFOPLIST_FILE = project2/Info.plist;
				INFOPLIST_KEY_UIApplicationSupportsIndirectInputEvents = YES;
				INFOPLIST_KEY_UILaunchStoryboardName = LaunchScreen;
				INFOPLIST_KEY_UIMainStoryboardFile = Main;
				INFOPLIST_KEY_UISupportedInterfaceOrientations_iPad = "UIInterfaceOrientationPortrait UIInterfaceOrientationPortraitUpsideDown UIInterfaceOrientationLandscapeLeft UIInterfaceOrientationLandscapeRight";
				INFOPLIST_KEY_UISupportedInterfaceOrientations_iPhone = "UIInterfaceOrientationPortrait UIInterfaceOrientationLandscapeLeft UIInterfaceOrientationLandscapeRight";
				LD_RUNPATH_SEARCH_PATHS = (
					"$(inherited)",
					"@executable_path/Frameworks",
				);
				MARKETING_VERSION = 1.0;
				PRODUCT_BUNDLE_IDENTIFIER = v.project2;
				PRODUCT_NAME = "$(TARGET_NAME)";
				SWIFT_EMIT_LOC_STRINGS = YES;
				SWIFT_VERSION = 5.0;
				TARGETED_DEVICE_FAMILY = "1,2";
			};
			name = Release;
		};
		7D4A7C402863656200228452 /* Debug */ = {
			isa = XCBuildConfiguration;
			buildSettings = {
				ALWAYS_EMBED_SWIFT_STANDARD_LIBRARIES = YES;
				BUNDLE_LOADER = "$(TEST_HOST)";
				CODE_SIGN_STYLE = Automatic;
				CURRENT_PROJECT_VERSION = 1;
				GENERATE_INFOPLIST_FILE = YES;
				IPHONEOS_DEPLOYMENT_TARGET = 15.5;
				MARKETING_VERSION = 1.0;
				PRODUCT_BUNDLE_IDENTIFIER = v.project2Tests;
				PRODUCT_NAME = "$(TARGET_NAME)";
				SWIFT_EMIT_LOC_STRINGS = NO;
				SWIFT_VERSION = 5.0;
				TARGETED_DEVICE_FAMILY = "1,2";
				TEST_HOST = "$(BUILT_PRODUCTS_DIR)/project2.app/project2";
			};
			name = Debug;
		};
		7D4A7C412863656200228452 /* Release */ = {
			isa = XCBuildConfiguration;
			buildSettings = {
				ALWAYS_EMBED_SWIFT_STANDARD_LIBRARIES = YES;
				BUNDLE_LOADER = "$(TEST_HOST)";
				CODE_SIGN_STYLE = Automatic;
				CURRENT_PROJECT_VERSION = 1;
				GENERATE_INFOPLIST_FILE = YES;
				IPHONEOS_DEPLOYMENT_TARGET = 15.5;
				MARKETING_VERSION = 1.0;
				PRODUCT_BUNDLE_IDENTIFIER = v.project2Tests;
				PRODUCT_NAME = "$(TARGET_NAME)";
				SWIFT_EMIT_LOC_STRINGS = NO;
				SWIFT_VERSION = 5.0;
				TARGETED_DEVICE_FAMILY = "1,2";
				TEST_HOST = "$(BUILT_PRODUCTS_DIR)/project2.app/project2";
			};
			name = Release;
		};
		7D4A7C432863656200228452 /* Debug */ = {
			isa = XCBuildConfiguration;
			buildSettings = {
				ALWAYS_EMBED_SWIFT_STANDARD_LIBRARIES = YES;
				CODE_SIGN_STYLE = Automatic;
				CURRENT_PROJECT_VERSION = 1;
				GENERATE_INFOPLIST_FILE = YES;
				MARKETING_VERSION = 1.0;
				PRODUCT_BUNDLE_IDENTIFIER = v.project2UITests;
				PRODUCT_NAME = "$(TARGET_NAME)";
				SWIFT_EMIT_LOC_STRINGS = NO;
				SWIFT_VERSION = 5.0;
				TARGETED_DEVICE_FAMILY = "1,2";
				TEST_TARGET_NAME = project2;
			};
			name = Debug;
		};
		7D4A7C442863656200228452 /* Release */ = {
			isa = XCBuildConfiguration;
			buildSettings = {
				ALWAYS_EMBED_SWIFT_STANDARD_LIBRARIES = YES;
				CODE_SIGN_STYLE = Automatic;
				CURRENT_PROJECT_VERSION = 1;
				GENERATE_INFOPLIST_FILE = YES;
				MARKETING_VERSION = 1.0;
				PRODUCT_BUNDLE_IDENTIFIER = v.project2UITests;
				PRODUCT_NAME = "$(TARGET_NAME)";
				SWIFT_EMIT_LOC_STRINGS = NO;
				SWIFT_VERSION = 5.0;
				TARGETED_DEVICE_FAMILY = "1,2";
				TEST_TARGET_NAME = project2;
			};
			name = Release;
		};
/* End XCBuildConfiguration section */

/* Begin XCConfigurationList section */
		7D4A7C0D2863656100228452 /* Build configuration list for PBXProject "project2" */ = {
			isa = XCConfigurationList;
			buildConfigurations = (
				7D4A7C3A2863656200228452 /* Debug */,
				7D4A7C3B2863656200228452 /* Release */,
			);
			defaultConfigurationIsVisible = 0;
			defaultConfigurationName = Release;
		};
		7D4A7C3C2863656200228452 /* Build configuration list for PBXNativeTarget "project2" */ = {
			isa = XCConfigurationList;
			buildConfigurations = (
				7D4A7C3D2863656200228452 /* Debug */,
				7D4A7C3E2863656200228452 /* Release */,
			);
			defaultConfigurationIsVisible = 0;
			defaultConfigurationName = Release;
		};
		7D4A7C3F2863656200228452 /* Build configuration list for PBXNativeTarget "project2Tests" */ = {
			isa = XCConfigurationList;
			buildConfigurations = (
				7D4A7C402863656200228452 /* Debug */,
				7D4A7C412863656200228452 /* Release */,
			);
			defaultConfigurationIsVisible = 0;
			defaultConfigurationName = Release;
		};
		7D4A7C422863656200228452 /* Build configuration list for PBXNativeTarget "project2UITests" */ = {
			isa = XCConfigurationList;
			buildConfigurations = (
				7D4A7C432863656200228452 /* Debug */,
				7D4A7C442863656200228452 /* Release */,
			);
			defaultConfigurationIsVisible = 0;
			defaultConfigurationName = Release;
		};
/* End XCConfigurationList section */
	};
	rootObject = 7D4A7C0A2863656100228452 /* Project object */;
}
